{
  "name": "tamagochi",
  "lockfileVersion": 3,
  "requires": true,
  "packages": {
    "": {
      "dependencies": {
        "open-props": "^1.7.10"
      }
    },
    "node_modules/open-props": {
      "version": "1.7.10",
      "resolved": "https://registry.npmjs.org/open-props/-/open-props-1.7.10.tgz",
      "integrity": "sha512-zZPJlr39YbHPou7mQ9GUKz1jiYjWzyZf/0pkPZq4MrtwgZ6FSCnf7hLkvFRGq+RZZ327vGSW3HPc7QMH4FUAZg=="
    }
  }
}
